
Microsoft Visual Studio Solution File, Format Version 12.00
# Visual Studio Version 17
VisualStudioVersion = 17.14.36301.6
MinimumVisualStudioVersion = 10.0.40219.1
Project("{FAE04EC0-301F-11D3-BF4B-00C04F79EFBC}") = "Assignment", "Assignment\Assignment.csproj", "{7BE51854-1080-451E-8E31-CF8C8910D78E}"
EndProject
Project("{FAE04EC0-301F-11D3-BF4B-00C04F79EFBC}") = "Demo", "Demo\Demo.csproj", "{7FDA1A54-FF40-4E61-8804-BD6AFA9016DD}"
EndProject
Global
	GlobalSection(SolutionConfigurationPlatforms) = preSolution
		Debug|Any CPU = Debug|Any CPU
		Release|Any CPU = Release|Any CPU
	EndGlobalSection
	GlobalSection(ProjectConfigurationPlatforms) = postSolution
		{7BE51854-1080-451E-8E31-CF8C8910D78E}.Debug|Any CPU.ActiveCfg = Debug|Any CPU
		{7BE51854-1080-451E-8E31-CF8C8910D78E}.Debug|Any CPU.Build.0 = Debug|Any CPU
		{7BE51854-1080-451E-8E31-CF8C8910D78E}.Release|Any CPU.ActiveCfg = Release|Any CPU
		{7BE51854-1080-451E-8E31-CF8C8910D78E}.Release|Any CPU.Build.0 = Release|Any CPU
		{7FDA1A54-FF40-4E61-8804-BD6AFA9016DD}.Debug|Any CPU.ActiveCfg = Debug|Any CPU
		{7FDA1A54-FF40-4E61-8804-BD6AFA9016DD}.Debug|Any CPU.Build.0 = Debug|Any CPU
		{7FDA1A54-FF40-4E61-8804-BD6AFA9016DD}.Release|Any CPU.ActiveCfg = Release|Any CPU
		{7FDA1A54-FF40-4E61-8804-BD6AFA9016DD}.Release|Any CPU.Build.0 = Release|Any CPU
	EndGlobalSection
	GlobalSection(SolutionProperties) = preSolution
		HideSolutionNode = FALSE
	EndGlobalSection
	GlobalSection(ExtensibilityGlobals) = postSolution
		SolutionGuid = {D1272EE6-383E-4BEE-B26D-31F76465918B}
	EndGlobalSection
EndGlobal
